{
    "version": "0.5",
    "requires": [
        "zstd/1.5.7#3b050a6afa77239debe5093ff4041be7",
        "zlib/1.3.1#55e342893273507972b84af4343742d8",
        "yaml-cpp/0.8.0#1aa371213f0307605d88ad5445581aff%1773246038.815",
        "xz_utils/5.8.3#a8432fead347c69d8b2737c35f936132%1775752656.4",
        "xxhash/0.8.3#2f4a65cecfcda1aef6fdb2a3ef5f484f",
        "utfcpp/4.0.1#e879ce0ad3e77ff6e04713ada5549655%1722968965.538",
        "tsl-robin-map/1.2.1#760934a48af36aaa43a1366f1dc34bd3%1753346726.696",
        "stb/cci.20230920#ed79bd361e974a99137f214efb117eef%1720366013.319",
        "sse2neon/1.9.1#623d19a1b7986093d25d364e697be4cc%1782816790.317",
        "squish-ccr/deb557d#f0dc11db9b9efa3dda097bdd164fe411",
        "sqlite3/3.53.4#a0c5d37a87ca7a5999e36ca59d2dd8b8",
        "spirv-cross/1.4.350.0#13d1bf95345d49ffd9a13fcd74e8a557",
        "rapidxml/1.13#6f4bd87b4a535f23833335d07c7d4bc0",
        "rapidjson/cci.20250205#e08552b72f7f662ef61bf69ee933d9dc",
        "qt/6.10.2#6a983559d56d0f7a7f8f6ac67c0e1257",
        "python/3.10.13#572b4c13697f378c6674746aca283d95",
        "pystring/1.1.4#ca23c56b96bc4310ae2b3d7e215bf9a3%1741858833.459",
        "pyside/6.10.2#f95908a0faeff54f503454e073bcdd5b",
        "pybind11/2.13.6#55e95bc3415e3d165727d305557d0ce4",
        "pugixml/1.14#6b0b93a0676c40e5204decd48fedba68%1782305327.444",
        "poly2tri/cci.20130502#c92a156e97a4ec37208f08ce2e72f110",
        "physx/5.1.1#d06cc2482a8b7d79250fe9ccd56a1c0f",
        "openssl/3.6.3#9bb89387bd5f76df0f32727fcf52e6fb",
        "openjph/0.30.1#df4cbcd67db4d36920ae500608af7b28%1782276894.819",
        "openimageio/3.1.16.0#582bf5ae8253f42dc76c0a81643a9ef5",
        "openexr/3.4.13#2444faa62d7c4dd608ed4a95fc43bf2f",
        "openddl-parser/0.5.1#1ed71b6fc636be990a506c802bf64831%1695253156.782",
        "opencolorio/2.5.2#1757a78ecbf2a76deb651f8729f6c7d4%1782809282.693",
        "nvcloth/1.1.6#bc569d14f0d093a4bf2c1179c2642d00",
        "minizip-ng/4.2.1#61fc65e7b4ecff3d903946f9d534c50a%1777643608.431",
        "minizip/1.2.13#36a63ce67bc469165d8811cd5249044c%1784569254.405",
        "mikktspace/cci.20200325#02167260016157465ca816dcf53b44df",
        "mcpp/2.7.2_az.2#cfea207d06e70f47d356449da466deed",
        "lz4/1.10.0#907e817b574023eca7a09e7ddeec14e8",
        "lua/5.4.4#8a77240dc57fe7158a4e506231267141",
        "libtiff/4.7.2#1d1ae5684534f957da68e798e9c53139",
        "libsquish/1.15#7f943e7d0ee7fc638d554d7a470a5f6c%1707142005.713",
        "libsamplerate/0.2.2#ca0d62b962ed73923d735e0eb28d8786",
        "libpng/1.6.58#dcc94dd69fb89055383bd89438395b95",
        "libjpeg/9f#8b1b89da851ad9172565c35f14e23c4c%1780476337.068",
        "libiconv/1.17#9923bc6dc6f106646d6967e0039a5ada%1774021608.288",
        "libdeflate/1.25#49fcd3fe6c130c2ec5a01cabb0481ded%1761981110.678",
        "lcms/2.19.1#a6579472795f0cd5578ff9f6511f8b80%1783337105.374",
        "kuba-zip/0.3.0#a94374066e7536ed2edeece35a18af59%1743413289.07",
        "ispc-texcomp/36b80aa#c85374bea2902ee9bdc12a5a29ccb040",
        "imath/3.2.2#d5203a84ee631ae6ab2da7c3a6b16787%1775543416.311",
        "glad/2.0.0-beta#804751fd291c9e7ab40700453b7b4d6d",
        "giflib/5.2.1#9e55a2df51840c3a70116e15fdf60a52%1773315756.874",
        "getopt-for-visual-studio/20200201#32ee360e2552fe65ad8bec52edcd64fd%1678877536.186",
        "freetype/2.14.3#668a6d775bd96d68e97d419babe7512f",
        "fmt/12.2.0#b445244e6d0151a425e229248cd2bed8%1785754552.386",
        "expat/2.8.2#a155185f78b38ab02e112c9d7da6778e",
        "dxc/1.8.2505.1-o3de#0d135f0586fad320262bbc91819a23d6",
        "draco/1.5.7#473961560821865c79deb9fa007e1641%1784010407.075",
        "directx-headers/1.619.1#5d576c71d7843521cc2c46d15a95d9b7",
        "clipper/6.4.2#2eb7263b5ad1225edddca68a6f93c11d%1743005731.021",
        "civetweb/1.16#8fdbdcd2b02a24b2409760c85e090831",
        "cityhash/cci.20130801#f780a4ee8aaa5b51c7cc7047135d76db",
        "bzip2/1.0.8#c470882369c2d95c5c77e970c0c7e321%1762886692.465",
        "brotli/1.1.0#3f631ef77008f7b5eb388780116371a3%1764862343.045",
        "benchmark/1.7.1#e836a2eb17979190c32c402fee0e1719",
        "azslc/1.8.22#e47921b71178468759f372abd3eb9f79",
        "astc-encoder/3.2#beda01c51a5d25fb2f9146aa7d86c963",
        "assimp/5.4.3#6d1f7fadb0f01a95128623f176045e55"
    ],
    "build_requires": [
        "pkgconf/2.5.1#93c2051284cba1279494a43a4fcfeae2%1757684701.089",
        "nodejs/16.3.0#a7eaed2d69910ba185e2ddce7a926cd1%1699800365.225",
        "ninja/1.13.2#c8c5dc2a52ed6e4e42a66d75b4717ceb%1764096931.974",
        "meson/1.10.2#9d2d10681fe7fe61c788c58626c89b25%1775558003.754",
        "m4/1.4.19#34c4bbc3eeebe98ca6edf2f52d602e7d%1777282960.259",
        "libtool/2.4.7#14e7739cc128bc1623d2ed318008e47e%1755679003.847",
        "libclang/20.1.3#7f73ac5d455974a30e975e7ba89ea0d0",
        "gnu-config/cci.20210814#466e9d4d7779e1c142443f7ea44b4284%1762363589.329",
        "emsdk/3.1.73#7dd9b10cfb811b620856f87c3a71c070%1733421474.308",
        "cmake/4.3.2#5bae0b181463ca4dc3e924a981367ee6%1779785720.872",
        "cmake/3.31.12#173a926abc2b77f03c826b6fd6539426%1779785723.158",
        "automake/1.16.5#b91b7c384c3deaa9d535be02da14d04f%1755524470.56",
        "autoconf/2.71#51077f068e61700d65bb05541ea1e4b0%1731054366.86",
        "android-ndk/r27c#c27dde0599b1c7f1d4f3b79537e82839%1739353780.256"
    ],
    "python_requires": [],
    "overrides": {
        "openssl/3.6.3#a81313131c78c6414f25b5fe0a83204b": [
            null,
            "openssl/3.6.3#a81313131c78c6414f25b5fe0a83204b"
        ],
        "poly2tri/cci.20130502#003141589c1a86aaa9e7cd8dcd05af73": [
            null,
            "poly2tri/cci.20130502"
        ],
        "python/3.10.13#639e43baa358de6142f04c128c54cc6a": [
            null,
            "python/3.10.13"
        ],
        "qt/6.10.2#5d646b5dc3532b5e48d0db62fcf7e0d1": [
            null,
            "qt/6.10.2"
        ],
        "zlib/1.3.1#cac0f6daea041b0ccf42934163defb20": [
            null,
            "zlib/1.3.1#cac0f6daea041b0ccf42934163defb20"
        ],
        "zlib/[>=1.2.11 <2]": [
            "zlib/1.3.1"
        ],
        "rapidjson/cci.20230929": [
            "rapidjson/cci.20250205"
        ],
        "openssl/[>=1 <4]": [
            "openssl/3.6.3"
        ],
        "libpng/[>=1.6 <2]": [
            "libpng/1.6.58"
        ],
        "libtiff/[>=4.6.0 <5]": [
            "libtiff/4.7.2"
        ],
        "openexr/[>=3.2.3 <4]": [
            "openexr/3.4.13"
        ],
        "freetype/2.13.2": [
            "freetype/2.14.3"
        ],
        "expat/[>=2.6.2 <3]": [
            "expat/2.8.2"
        ],
        "openexr/[>=3.3.2 <4]": [
            "openexr/3.4.13#693ef2e0b76318ccc365ca4b024c50ec"
        ],
        "zstd/[>=1.5.5 <2]": [
            "zstd/1.5.7"
        ],
        "openssl/[>=1.1 <4]": [
            "openssl/3.6.3"
        ]
    },
    "config_requires": []
}
